
Microsoft Visual Studio Solution File, Format Version 12.00
# Visual Studio Version 17
VisualStudioVersion = 17.11.35303.130
MinimumVisualStudioVersion = 10.0.40219.1
Project("{FAE04EC0-301F-11D3-BF4B-00C04F79EFBC}") = "Homework11", "Homework11\Homework11.csproj", "{EF76B6E0-5F90-475E-AA71-23380F7BBD2F}"
EndProject
Global
	GlobalSection(SolutionConfigurationPlatforms) = preSolution
		Debug|Any CPU = Debug|Any CPU
		Release|Any CPU = Release|Any CPU
	EndGlobalSection
	GlobalSection(ProjectConfigurationPlatforms) = postSolution
		{EF76B6E0-5F90-475E-AA71-23380F7BBD2F}.Debug|Any CPU.ActiveCfg = Debug|Any CPU
		{EF76B6E0-5F90-475E-AA71-23380F7BBD2F}.Debug|Any CPU.Build.0 = Debug|Any CPU
		{EF76B6E0-5F90-475E-AA71-23380F7BBD2F}.Release|Any CPU.ActiveCfg = Release|Any CPU
		{EF76B6E0-5F90-475E-AA71-23380F7BBD2F}.Release|Any CPU.Build.0 = Release|Any CPU
	EndGlobalSection
	GlobalSection(SolutionProperties) = preSolution
		HideSolutionNode = FALSE
	EndGlobalSection
	GlobalSection(ExtensibilityGlobals) = postSolution
		SolutionGuid = {F784E04F-615F-4E02-81D2-06660E5F097B}
	EndGlobalSection
EndGlobal
