
Microsoft Visual Studio Solution File, Format Version 12.00
# Visual Studio Version 17
VisualStudioVersion = 17.11.35303.130
MinimumVisualStudioVersion = 10.0.40219.1
Project("{FAE04EC0-301F-11D3-BF4B-00C04F79EFBC}") = "Homework12", "Homework12\Homework12.csproj", "{B04D2FD1-E451-4E32-BF3D-C3BD51281126}"
EndProject
Global
	GlobalSection(SolutionConfigurationPlatforms) = preSolution
		Debug|Any CPU = Debug|Any CPU
		Release|Any CPU = Release|Any CPU
	EndGlobalSection
	GlobalSection(ProjectConfigurationPlatforms) = postSolution
		{B04D2FD1-E451-4E32-BF3D-C3BD51281126}.Debug|Any CPU.ActiveCfg = Debug|Any CPU
		{B04D2FD1-E451-4E32-BF3D-C3BD51281126}.Debug|Any CPU.Build.0 = Debug|Any CPU
		{B04D2FD1-E451-4E32-BF3D-C3BD51281126}.Release|Any CPU.ActiveCfg = Release|Any CPU
		{B04D2FD1-E451-4E32-BF3D-C3BD51281126}.Release|Any CPU.Build.0 = Release|Any CPU
	EndGlobalSection
	GlobalSection(SolutionProperties) = preSolution
		HideSolutionNode = FALSE
	EndGlobalSection
	GlobalSection(ExtensibilityGlobals) = postSolution
		SolutionGuid = {D4849ACE-F916-48F4-BBC7-9DFA167D481D}
	EndGlobalSection
EndGlobal
